
Microsoft Visual Studio Solution File, Format Version 12.00
# Visual Studio 15
VisualStudioVersion = 15.0.26403.7
MinimumVisualStudioVersion = 10.0.40219.1
Project("{D954291E-2A0B-460D-934E-DC6B0785DB48}") = "MyRandomUser", "MyRandomUser\MyRandomUser\MyRandomUser.shproj", "{BA0F63D4-BD18-4B2B-9F69-68E68F3A5524}"
EndProject
Project("{FAE04EC0-301F-11D3-BF4B-00C04F79EFBC}") = "MyRandomUser.Android", "MyRandomUser\MyRandomUser.Android\MyRandomUser.Android.csproj", "{CED8D761-7169-4235-B2CA-D278083C36DD}"
EndProject
Project("{FAE04EC0-301F-11D3-BF4B-00C04F79EFBC}") = "MyRandomUser.iOS", "MyRandomUser\MyRandomUser.iOS\MyRandomUser.iOS.csproj", "{4EDF945E-3C65-4BC2-86BE-BEB039BE2259}"
EndProject
Project("{FAE04EC0-301F-11D3-BF4B-00C04F79EFBC}") = "MyRandomUser.UWP", "MyRandomUser\MyRandomUser.UWP\MyRandomUser.UWP.csproj", "{16F592CC-559F-4D3B-AD74-E8E9562A1283}"
EndProject
Global
	GlobalSection(SharedMSBuildProjectFiles) = preSolution
		MyRandomUser\MyRandomUser\MyRandomUser.projitems*{4edf945e-3c65-4bc2-86be-beb039be2259}*SharedItemsImports = 4
		MyRandomUser\MyRandomUser\MyRandomUser.projitems*{ba0f63d4-bd18-4b2b-9f69-68e68f3a5524}*SharedItemsImports = 13
		MyRandomUser\MyRandomUser\MyRandomUser.projitems*{ced8d761-7169-4235-b2ca-d278083c36dd}*SharedItemsImports = 4
	EndGlobalSection
	GlobalSection(SolutionConfigurationPlatforms) = preSolution
		Ad-Hoc|Any CPU = Ad-Hoc|Any CPU
		Ad-Hoc|ARM = Ad-Hoc|ARM
		Ad-Hoc|iPhone = Ad-Hoc|iPhone
		Ad-Hoc|iPhoneSimulator = Ad-Hoc|iPhoneSimulator
		Ad-Hoc|x64 = Ad-Hoc|x64
		Ad-Hoc|x86 = Ad-Hoc|x86
		AppStore|Any CPU = AppStore|Any CPU
		AppStore|ARM = AppStore|ARM
		AppStore|iPhone = AppStore|iPhone
		AppStore|iPhoneSimulator = AppStore|iPhoneSimulator
		AppStore|x64 = AppStore|x64
		AppStore|x86 = AppStore|x86
		Debug|Any CPU = Debug|Any CPU
		Debug|ARM = Debug|ARM
		Debug|iPhone = Debug|iPhone
		Debug|iPhoneSimulator = Debug|iPhoneSimulator
		Debug|x64 = Debug|x64
		Debug|x86 = Debug|x86
		Release|Any CPU = Release|Any CPU
		Release|ARM = Release|ARM
		Release|iPhone = Release|iPhone
		Release|iPhoneSimulator = Release|iPhoneSimulator
		Release|x64 = Release|x64
		Release|x86 = Release|x86
	EndGlobalSection
	GlobalSection(ProjectConfigurationPlatforms) = postSolution
		{CED8D761-7169-4235-B2CA-D278083C36DD}.Ad-Hoc|Any CPU.ActiveCfg = Release|Any CPU
		{CED8D761-7169-4235-B2CA-D278083C36DD}.Ad-Hoc|Any CPU.Build.0 = Release|Any CPU
		{CED8D761-7169-4235-B2CA-D278083C36DD}.Ad-Hoc|Any CPU.Deploy.0 = Release|Any CPU
		{CED8D761-7169-4235-B2CA-D278083C36DD}.Ad-Hoc|ARM.ActiveCfg = Release|Any CPU
		{CED8D761-7169-4235-B2CA-D278083C36DD}.Ad-Hoc|ARM.Build.0 = Release|Any CPU
		{CED8D761-7169-4235-B2CA-D278083C36DD}.Ad-Hoc|ARM.Deploy.0 = Release|Any CPU
		{CED8D761-7169-4235-B2CA-D278083C36DD}.Ad-Hoc|iPhone.ActiveCfg = Release|Any CPU
		{CED8D761-7169-4235-B2CA-D278083C36DD}.Ad-Hoc|iPhone.Build.0 = Release|Any CPU
		{CED8D761-7169-4235-B2CA-D278083C36DD}.Ad-Hoc|iPhone.Deploy.0 = Release|Any CPU
		{CED8D761-7169-4235-B2CA-D278083C36DD}.Ad-Hoc|iPhoneSimulator.ActiveCfg = Release|Any CPU
		{CED8D761-7169-4235-B2CA-D278083C36DD}.Ad-Hoc|iPhoneSimulator.Build.0 = Release|Any CPU
		{CED8D761-7169-4235-B2CA-D278083C36DD}.Ad-Hoc|iPhoneSimulator.Deploy.0 = Release|Any CPU
		{CED8D761-7169-4235-B2CA-D278083C36DD}.Ad-Hoc|x64.ActiveCfg = Release|Any CPU
		{CED8D761-7169-4235-B2CA-D278083C36DD}.Ad-Hoc|x64.Build.0 = Release|Any CPU
		{CED8D761-7169-4235-B2CA-D278083C36DD}.Ad-Hoc|x64.Deploy.0 = Release|Any CPU
		{CED8D761-7169-4235-B2CA-D278083C36DD}.Ad-Hoc|x86.ActiveCfg = Release|Any CPU
		{CED8D761-7169-4235-B2CA-D278083C36DD}.Ad-Hoc|x86.Build.0 = Release|Any CPU
		{CED8D761-7169-4235-B2CA-D278083C36DD}.Ad-Hoc|x86.Deploy.0 = Release|Any CPU
		{CED8D761-7169-4235-B2CA-D278083C36DD}.AppStore|Any CPU.ActiveCfg = Release|Any CPU
		{CED8D761-7169-4235-B2CA-D278083C36DD}.AppStore|Any CPU.Build.0 = Release|Any CPU
		{CED8D761-7169-4235-B2CA-D278083C36DD}.AppStore|Any CPU.Deploy.0 = Release|Any CPU
		{CED8D761-7169-4235-B2CA-D278083C36DD}.AppStore|ARM.ActiveCfg = Release|Any CPU
		{CED8D761-7169-4235-B2CA-D278083C36DD}.AppStore|ARM.Build.0 = Release|Any CPU
		{CED8D761-7169-4235-B2CA-D278083C36DD}.AppStore|ARM.Deploy.0 = Release|Any CPU
		{CED8D761-7169-4235-B2CA-D278083C36DD}.AppStore|iPhone.ActiveCfg = Release|Any CPU
		{CED8D761-7169-4235-B2CA-D278083C36DD}.AppStore|iPhone.Build.0 = Release|Any CPU
		{CED8D761-7169-4235-B2CA-D278083C36DD}.AppStore|iPhone.Deploy.0 = Release|Any CPU
		{CED8D761-7169-4235-B2CA-D278083C36DD}.AppStore|iPhoneSimulator.ActiveCfg = Release|Any CPU
		{CED8D761-7169-4235-B2CA-D278083C36DD}.AppStore|iPhoneSimulator.Build.0 = Release|Any CPU
		{CED8D761-7169-4235-B2CA-D278083C36DD}.AppStore|iPhoneSimulator.Deploy.0 = Release|Any CPU
		{CED8D761-7169-4235-B2CA-D278083C36DD}.AppStore|x64.ActiveCfg = Release|Any CPU
		{CED8D761-7169-4235-B2CA-D278083C36DD}.AppStore|x64.Build.0 = Release|Any CPU
		{CED8D761-7169-4235-B2CA-D278083C36DD}.AppStore|x64.Deploy.0 = Release|Any CPU
		{CED8D761-7169-4235-B2CA-D278083C36DD}.AppStore|x86.ActiveCfg = Release|Any CPU
		{CED8D761-7169-4235-B2CA-D278083C36DD}.AppStore|x86.Build.0 = Release|Any CPU
		{CED8D761-7169-4235-B2CA-D278083C36DD}.AppStore|x86.Deploy.0 = Release|Any CPU
		{CED8D761-7169-4235-B2CA-D278083C36DD}.Debug|Any CPU.ActiveCfg = Debug|Any CPU
		{CED8D761-7169-4235-B2CA-D278083C36DD}.Debug|Any CPU.Build.0 = Debug|Any CPU
		{CED8D761-7169-4235-B2CA-D278083C36DD}.Debug|Any CPU.Deploy.0 = Debug|Any CPU
		{CED8D761-7169-4235-B2CA-D278083C36DD}.Debug|ARM.ActiveCfg = Debug|Any CPU
		{CED8D761-7169-4235-B2CA-D278083C36DD}.Debug|ARM.Build.0 = Debug|Any CPU
		{CED8D761-7169-4235-B2CA-D278083C36DD}.Debug|ARM.Deploy.0 = Debug|Any CPU
		{CED8D761-7169-4235-B2CA-D278083C36DD}.Debug|iPhone.ActiveCfg = Debug|Any CPU
		{CED8D761-7169-4235-B2CA-D278083C36DD}.Debug|iPhone.Build.0 = Debug|Any CPU
		{CED8D761-7169-4235-B2CA-D278083C36DD}.Debug|iPhone.Deploy.0 = Debug|Any CPU
		{CED8D761-7169-4235-B2CA-D278083C36DD}.Debug|iPhoneSimulator.ActiveCfg = Debug|Any CPU
		{CED8D761-7169-4235-B2CA-D278083C36DD}.Debug|iPhoneSimulator.Build.0 = Debug|Any CPU
		{CED8D761-7169-4235-B2CA-D278083C36DD}.Debug|iPhoneSimulator.Deploy.0 = Debug|Any CPU
		{CED8D761-7169-4235-B2CA-D278083C36DD}.Debug|x64.ActiveCfg = Debug|Any CPU
		{CED8D761-7169-4235-B2CA-D278083C36DD}.Debug|x64.Build.0 = Debug|Any CPU
		{CED8D761-7169-4235-B2CA-D278083C36DD}.Debug|x64.Deploy.0 = Debug|Any CPU
		{CED8D761-7169-4235-B2CA-D278083C36DD}.Debug|x86.ActiveCfg = Debug|Any CPU
		{CED8D761-7169-4235-B2CA-D278083C36DD}.Debug|x86.Build.0 = Debug|Any CPU
		{CED8D761-7169-4235-B2CA-D278083C36DD}.Debug|x86.Deploy.0 = Debug|Any CPU
		{CED8D761-7169-4235-B2CA-D278083C36DD}.Release|Any CPU.ActiveCfg = Release|Any CPU
		{CED8D761-7169-4235-B2CA-D278083C36DD}.Release|Any CPU.Build.0 = Release|Any CPU
		{CED8D761-7169-4235-B2CA-D278083C36DD}.Release|Any CPU.Deploy.0 = Release|Any CPU
		{CED8D761-7169-4235-B2CA-D278083C36DD}.Release|ARM.ActiveCfg = Release|Any CPU
		{CED8D761-7169-4235-B2CA-D278083C36DD}.Release|ARM.Build.0 = Release|Any CPU
		{CED8D761-7169-4235-B2CA-D278083C36DD}.Release|ARM.Deploy.0 = Release|Any CPU
		{CED8D761-7169-4235-B2CA-D278083C36DD}.Release|iPhone.ActiveCfg = Release|Any CPU
		{CED8D761-7169-4235-B2CA-D278083C36DD}.Release|iPhone.Build.0 = Release|Any CPU
		{CED8D761-7169-4235-B2CA-D278083C36DD}.Release|iPhone.Deploy.0 = Release|Any CPU
		{CED8D761-7169-4235-B2CA-D278083C36DD}.Release|iPhoneSimulator.ActiveCfg = Release|Any CPU
		{CED8D761-7169-4235-B2CA-D278083C36DD}.Release|iPhoneSimulator.Build.0 = Release|Any CPU
		{CED8D761-7169-4235-B2CA-D278083C36DD}.Release|iPhoneSimulator.Deploy.0 = Release|Any CPU
		{CED8D761-7169-4235-B2CA-D278083C36DD}.Release|x64.ActiveCfg = Release|Any CPU
		{CED8D761-7169-4235-B2CA-D278083C36DD}.Release|x64.Build.0 = Release|Any CPU
		{CED8D761-7169-4235-B2CA-D278083C36DD}.Release|x64.Deploy.0 = Release|Any CPU
		{CED8D761-7169-4235-B2CA-D278083C36DD}.Release|x86.ActiveCfg = Release|Any CPU
		{CED8D761-7169-4235-B2CA-D278083C36DD}.Release|x86.Build.0 = Release|Any CPU
		{CED8D761-7169-4235-B2CA-D278083C36DD}.Release|x86.Deploy.0 = Release|Any CPU
		{4EDF945E-3C65-4BC2-86BE-BEB039BE2259}.Ad-Hoc|Any CPU.ActiveCfg = Ad-Hoc|iPhone
		{4EDF945E-3C65-4BC2-86BE-BEB039BE2259}.Ad-Hoc|ARM.ActiveCfg = Ad-Hoc|iPhone
		{4EDF945E-3C65-4BC2-86BE-BEB039BE2259}.Ad-Hoc|iPhone.ActiveCfg = Ad-Hoc|iPhone
		{4EDF945E-3C65-4BC2-86BE-BEB039BE2259}.Ad-Hoc|iPhone.Build.0 = Ad-Hoc|iPhone
		{4EDF945E-3C65-4BC2-86BE-BEB039BE2259}.Ad-Hoc|iPhoneSimulator.ActiveCfg = Ad-Hoc|iPhoneSimulator
		{4EDF945E-3C65-4BC2-86BE-BEB039BE2259}.Ad-Hoc|iPhoneSimulator.Build.0 = Ad-Hoc|iPhoneSimulator
		{4EDF945E-3C65-4BC2-86BE-BEB039BE2259}.Ad-Hoc|x64.ActiveCfg = Ad-Hoc|iPhone
		{4EDF945E-3C65-4BC2-86BE-BEB039BE2259}.Ad-Hoc|x86.ActiveCfg = Ad-Hoc|iPhone
		{4EDF945E-3C65-4BC2-86BE-BEB039BE2259}.AppStore|Any CPU.ActiveCfg = AppStore|iPhone
		{4EDF945E-3C65-4BC2-86BE-BEB039BE2259}.AppStore|ARM.ActiveCfg = AppStore|iPhone
		{4EDF945E-3C65-4BC2-86BE-BEB039BE2259}.AppStore|iPhone.ActiveCfg = AppStore|iPhone
		{4EDF945E-3C65-4BC2-86BE-BEB039BE2259}.AppStore|iPhone.Build.0 = AppStore|iPhone
		{4EDF945E-3C65-4BC2-86BE-BEB039BE2259}.AppStore|iPhoneSimulator.ActiveCfg = AppStore|iPhoneSimulator
		{4EDF945E-3C65-4BC2-86BE-BEB039BE2259}.AppStore|iPhoneSimulator.Build.0 = AppStore|iPhoneSimulator
		{4EDF945E-3C65-4BC2-86BE-BEB039BE2259}.AppStore|x64.ActiveCfg = AppStore|iPhone
		{4EDF945E-3C65-4BC2-86BE-BEB039BE2259}.AppStore|x86.ActiveCfg = AppStore|iPhone
		{4EDF945E-3C65-4BC2-86BE-BEB039BE2259}.Debug|Any CPU.ActiveCfg = Debug|iPhone
		{4EDF945E-3C65-4BC2-86BE-BEB039BE2259}.Debug|ARM.ActiveCfg = Debug|iPhone
		{4EDF945E-3C65-4BC2-86BE-BEB039BE2259}.Debug|iPhone.ActiveCfg = Debug|iPhone
		{4EDF945E-3C65-4BC2-86BE-BEB039BE2259}.Debug|iPhone.Build.0 = Debug|iPhone
		{4EDF945E-3C65-4BC2-86BE-BEB039BE2259}.Debug|iPhoneSimulator.ActiveCfg = Debug|iPhoneSimulator
		{4EDF945E-3C65-4BC2-86BE-BEB039BE2259}.Debug|iPhoneSimulator.Build.0 = Debug|iPhoneSimulator
		{4EDF945E-3C65-4BC2-86BE-BEB039BE2259}.Debug|x64.ActiveCfg = Debug|iPhone
		{4EDF945E-3C65-4BC2-86BE-BEB039BE2259}.Debug|x86.ActiveCfg = Debug|iPhone
		{4EDF945E-3C65-4BC2-86BE-BEB039BE2259}.Release|Any CPU.ActiveCfg = Release|iPhone
		{4EDF945E-3C65-4BC2-86BE-BEB039BE2259}.Release|ARM.ActiveCfg = Release|iPhone
		{4EDF945E-3C65-4BC2-86BE-BEB039BE2259}.Release|iPhone.ActiveCfg = Release|iPhone
		{4EDF945E-3C65-4BC2-86BE-BEB039BE2259}.Release|iPhone.Build.0 = Release|iPhone
		{4EDF945E-3C65-4BC2-86BE-BEB039BE2259}.Release|iPhoneSimulator.ActiveCfg = Release|iPhoneSimulator
		{4EDF945E-3C65-4BC2-86BE-BEB039BE2259}.Release|iPhoneSimulator.Build.0 = Release|iPhoneSimulator
		{4EDF945E-3C65-4BC2-86BE-BEB039BE2259}.Release|x64.ActiveCfg = Release|iPhone
		{4EDF945E-3C65-4BC2-86BE-BEB039BE2259}.Release|x86.ActiveCfg = Release|iPhone
		{16F592CC-559F-4D3B-AD74-E8E9562A1283}.Ad-Hoc|Any CPU.ActiveCfg = Release|x86
		{16F592CC-559F-4D3B-AD74-E8E9562A1283}.Ad-Hoc|Any CPU.Build.0 = Release|x86
		{16F592CC-559F-4D3B-AD74-E8E9562A1283}.Ad-Hoc|Any CPU.Deploy.0 = Release|x86
		{16F592CC-559F-4D3B-AD74-E8E9562A1283}.Ad-Hoc|ARM.ActiveCfg = Release|ARM
		{16F592CC-559F-4D3B-AD74-E8E9562A1283}.Ad-Hoc|ARM.Build.0 = Release|ARM
		{16F592CC-559F-4D3B-AD74-E8E9562A1283}.Ad-Hoc|ARM.Deploy.0 = Release|ARM
		{16F592CC-559F-4D3B-AD74-E8E9562A1283}.Ad-Hoc|iPhone.ActiveCfg = Release|x86
		{16F592CC-559F-4D3B-AD74-E8E9562A1283}.Ad-Hoc|iPhone.Build.0 = Release|x86
		{16F592CC-559F-4D3B-AD74-E8E9562A1283}.Ad-Hoc|iPhone.Deploy.0 = Release|x86
		{16F592CC-559F-4D3B-AD74-E8E9562A1283}.Ad-Hoc|iPhoneSimulator.ActiveCfg = Release|x86
		{16F592CC-559F-4D3B-AD74-E8E9562A1283}.Ad-Hoc|iPhoneSimulator.Build.0 = Release|x86
		{16F592CC-559F-4D3B-AD74-E8E9562A1283}.Ad-Hoc|iPhoneSimulator.Deploy.0 = Release|x86
		{16F592CC-559F-4D3B-AD74-E8E9562A1283}.Ad-Hoc|x64.ActiveCfg = Release|x64
		{16F592CC-559F-4D3B-AD74-E8E9562A1283}.Ad-Hoc|x64.Build.0 = Release|x64
		{16F592CC-559F-4D3B-AD74-E8E9562A1283}.Ad-Hoc|x64.Deploy.0 = Release|x64
		{16F592CC-559F-4D3B-AD74-E8E9562A1283}.Ad-Hoc|x86.ActiveCfg = Release|x86
		{16F592CC-559F-4D3B-AD74-E8E9562A1283}.Ad-Hoc|x86.Build.0 = Release|x86
		{16F592CC-559F-4D3B-AD74-E8E9562A1283}.Ad-Hoc|x86.Deploy.0 = Release|x86
		{16F592CC-559F-4D3B-AD74-E8E9562A1283}.AppStore|Any CPU.ActiveCfg = Release|x86
		{16F592CC-559F-4D3B-AD74-E8E9562A1283}.AppStore|Any CPU.Build.0 = Release|x86
		{16F592CC-559F-4D3B-AD74-E8E9562A1283}.AppStore|Any CPU.Deploy.0 = Release|x86
		{16F592CC-559F-4D3B-AD74-E8E9562A1283}.AppStore|ARM.ActiveCfg = Release|ARM
		{16F592CC-559F-4D3B-AD74-E8E9562A1283}.AppStore|ARM.Build.0 = Release|ARM
		{16F592CC-559F-4D3B-AD74-E8E9562A1283}.AppStore|ARM.Deploy.0 = Release|ARM
		{16F592CC-559F-4D3B-AD74-E8E9562A1283}.AppStore|iPhone.ActiveCfg = Release|x86
		{16F592CC-559F-4D3B-AD74-E8E9562A1283}.AppStore|iPhone.Build.0 = Release|x86
		{16F592CC-559F-4D3B-AD74-E8E9562A1283}.AppStore|iPhone.Deploy.0 = Release|x86
		{16F592CC-559F-4D3B-AD74-E8E9562A1283}.AppStore|iPhoneSimulator.ActiveCfg = Release|x86
		{16F592CC-559F-4D3B-AD74-E8E9562A1283}.AppStore|iPhoneSimulator.Build.0 = Release|x86
		{16F592CC-559F-4D3B-AD74-E8E9562A1283}.AppStore|iPhoneSimulator.Deploy.0 = Release|x86
		{16F592CC-559F-4D3B-AD74-E8E9562A1283}.AppStore|x64.ActiveCfg = Release|x64
		{16F592CC-559F-4D3B-AD74-E8E9562A1283}.AppStore|x64.Build.0 = Release|x64
		{16F592CC-559F-4D3B-AD74-E8E9562A1283}.AppStore|x64.Deploy.0 = Release|x64
		{16F592CC-559F-4D3B-AD74-E8E9562A1283}.AppStore|x86.ActiveCfg = Release|x86
		{16F592CC-559F-4D3B-AD74-E8E9562A1283}.AppStore|x86.Build.0 = Release|x86
		{16F592CC-559F-4D3B-AD74-E8E9562A1283}.AppStore|x86.Deploy.0 = Release|x86
		{16F592CC-559F-4D3B-AD74-E8E9562A1283}.Debug|Any CPU.ActiveCfg = Debug|x86
		{16F592CC-559F-4D3B-AD74-E8E9562A1283}.Debug|ARM.ActiveCfg = Debug|ARM
		{16F592CC-559F-4D3B-AD74-E8E9562A1283}.Debug|ARM.Build.0 = Debug|ARM
		{16F592CC-559F-4D3B-AD74-E8E9562A1283}.Debug|ARM.Deploy.0 = Debug|ARM
		{16F592CC-559F-4D3B-AD74-E8E9562A1283}.Debug|iPhone.ActiveCfg = Debug|x86
		{16F592CC-559F-4D3B-AD74-E8E9562A1283}.Debug|iPhoneSimulator.ActiveCfg = Debug|x86
		{16F592CC-559F-4D3B-AD74-E8E9562A1283}.Debug|x64.ActiveCfg = Debug|x64
		{16F592CC-559F-4D3B-AD74-E8E9562A1283}.Debug|x64.Build.0 = Debug|x64
		{16F592CC-559F-4D3B-AD74-E8E9562A1283}.Debug|x64.Deploy.0 = Debug|x64
		{16F592CC-559F-4D3B-AD74-E8E9562A1283}.Debug|x86.ActiveCfg = Debug|x86
		{16F592CC-559F-4D3B-AD74-E8E9562A1283}.Debug|x86.Build.0 = Debug|x86
		{16F592CC-559F-4D3B-AD74-E8E9562A1283}.Debug|x86.Deploy.0 = Debug|x86
		{16F592CC-559F-4D3B-AD74-E8E9562A1283}.Release|Any CPU.ActiveCfg = Release|x86
		{16F592CC-559F-4D3B-AD74-E8E9562A1283}.Release|ARM.ActiveCfg = Release|ARM
		{16F592CC-559F-4D3B-AD74-E8E9562A1283}.Release|ARM.Build.0 = Release|ARM
		{16F592CC-559F-4D3B-AD74-E8E9562A1283}.Release|ARM.Deploy.0 = Release|ARM
		{16F592CC-559F-4D3B-AD74-E8E9562A1283}.Release|iPhone.ActiveCfg = Release|x86
		{16F592CC-559F-4D3B-AD74-E8E9562A1283}.Release|iPhoneSimulator.ActiveCfg = Release|x86
		{16F592CC-559F-4D3B-AD74-E8E9562A1283}.Release|x64.ActiveCfg = Release|x64
		{16F592CC-559F-4D3B-AD74-E8E9562A1283}.Release|x64.Build.0 = Release|x64
		{16F592CC-559F-4D3B-AD74-E8E9562A1283}.Release|x64.Deploy.0 = Release|x64
		{16F592CC-559F-4D3B-AD74-E8E9562A1283}.Release|x86.ActiveCfg = Release|x86
		{16F592CC-559F-4D3B-AD74-E8E9562A1283}.Release|x86.Build.0 = Release|x86
		{16F592CC-559F-4D3B-AD74-E8E9562A1283}.Release|x86.Deploy.0 = Release|x86
	EndGlobalSection
	GlobalSection(SolutionProperties) = preSolution
		HideSolutionNode = FALSE
	EndGlobalSection
EndGlobal
